// !$*UTF8*$!
{
	archiveVersion = 1;
	classes = {
	};
	objectVersion = 50;
	objects = {

/* Begin PBXBuildFile section */
		F2E2C6F8259837B2002F9A5F /* EmojiArtDocumentPalette.swift in Sources */ = {isa = PBXBuildFile; fileRef = F2E2C6F7259837B2002F9A5F /* EmojiArtDocumentPalette.swift */; };
		F2E2C6FC25993644002F9A5F /* GridLayout.swift in Sources */ = {isa = PBXBuildFile; fileRef = F2E2C6FA25993644002F9A5F /* GridLayout.swift */; };
		F2E2C6FD25993644002F9A5F /* Grid.swift in Sources */ = {isa = PBXBuildFile; fileRef = F2E2C6FB25993644002F9A5F /* Grid.swift */; };
		F2E2C70025994CC2002F9A5F /* EmojiArtDocumentStore.swift in Sources */ = {isa = PBXBuildFile; fileRef = F2E2C6FF25994CC2002F9A5F /* EmojiArtDocumentStore.swift */; };
		F2E2C70425995263002F9A5F /* EmojiArtDocumentChooser.swift in Sources */ = {isa = PBXBuildFile; fileRef = F2E2C70325995263002F9A5F /* EmojiArtDocumentChooser.swift */; };
		F2E2C70825996333002F9A5F /* EditableText.swift in Sources */ = {isa = PBXBuildFile; fileRef = F2E2C70725996333002F9A5F /* EditableText.swift */; };
		F2F357E8259584870040C1D3 /* AppDelegate.swift in Sources */ = {isa = PBXBuildFile; fileRef = F2F357E7259584870040C1D3 /* AppDelegate.swift */; };
		F2F357EA259584870040C1D3 /* SceneDelegate.swift in Sources */ = {isa = PBXBuildFile; fileRef = F2F357E9259584870040C1D3 /* SceneDelegate.swift */; };
		F2F357EC259584870040C1D3 /* EmojiArtDocumentView.swift in Sources */ = {isa = PBXBuildFile; fileRef = F2F357EB259584870040C1D3 /* EmojiArtDocumentView.swift */; };
		F2F357EE2595848B0040C1D3 /* Assets.xcassets in Resources */ = {isa = PBXBuildFile; fileRef = F2F357ED2595848B0040C1D3 /* Assets.xcassets */; };
		F2F357F12595848B0040C1D3 /* Preview Assets.xcassets in Resources */ = {isa = PBXBuildFile; fileRef = F2F357F02595848B0040C1D3 /* Preview Assets.xcassets */; };
		F2F357F42595848C0040C1D3 /* LaunchScreen.storyboard in Resources */ = {isa = PBXBuildFile; fileRef = F2F357F22595848C0040C1D3 /* LaunchScreen.storyboard */; };
		F2F357FD259585310040C1D3 /* EmojiArtDocument.swift in Sources */ = {isa = PBXBuildFile; fileRef = F2F357FC259585310040C1D3 /* EmojiArtDocument.swift */; };
		F2F3580125958F5D0040C1D3 /* EmojiArt.swift in Sources */ = {isa = PBXBuildFile; fileRef = F2F3580025958F5D0040C1D3 /* EmojiArt.swift */; };
		F2F358042595D55A0040C1D3 /* EmojiArtExtensions.swift in Sources */ = {isa = PBXBuildFile; fileRef = F2F358032595D55A0040C1D3 /* EmojiArtExtensions.swift */; };
		F2F358092596D3930040C1D3 /* OptionalImage.swift in Sources */ = {isa = PBXBuildFile; fileRef = F2F358082596D3930040C1D3 /* OptionalImage.swift */; };
		F2F3580C2596D9270040C1D3 /* AnimatableSystemFontModifier.swift in Sources */ = {isa = PBXBuildFile; fileRef = F2F3580B2596D9270040C1D3 /* AnimatableSystemFontModifier.swift */; };
		F2F3580F25982B400040C1D3 /* Spinning.swift in Sources */ = {isa = PBXBuildFile; fileRef = F2F3580E25982B400040C1D3 /* Spinning.swift */; };
		F2F35812259834280040C1D3 /* PaletteChooser.swift in Sources */ = {isa = PBXBuildFile; fileRef = F2F35811259834280040C1D3 /* PaletteChooser.swift */; };
/* End PBXBuildFile section */

/* Begin PBXFileReference section */
		F2E2C6F7259837B2002F9A5F /* EmojiArtDocumentPalette.swift */ = {isa = PBXFileReference; fileEncoding = 4; lastKnownFileType = sourcecode.swift; path = EmojiArtDocumentPalette.swift; sourceTree = "<group>"; };
		F2E2C6FA25993644002F9A5F /* GridLayout.swift */ = {isa = PBXFileReference; fileEncoding = 4; lastKnownFileType = sourcecode.swift; path = GridLayout.swift; sourceTree = "<group>"; };
		F2E2C6FB25993644002F9A5F /* Grid.swift */ = {isa = PBXFileReference; fileEncoding = 4; lastKnownFileType = sourcecode.swift; path = Grid.swift; sourceTree = "<group>"; };
		F2E2C6FF25994CC2002F9A5F /* EmojiArtDocumentStore.swift */ = {isa = PBXFileReference; fileEncoding = 4; lastKnownFileType = sourcecode.swift; path = EmojiArtDocumentStore.swift; sourceTree = "<group>"; };
		F2E2C70325995263002F9A5F /* EmojiArtDocumentChooser.swift */ = {isa = PBXFileReference; lastKnownFileType = sourcecode.swift; path = EmojiArtDocumentChooser.swift; sourceTree = "<group>"; };
		F2E2C70725996333002F9A5F /* EditableText.swift */ = {isa = PBXFileReference; fileEncoding = 4; lastKnownFileType = sourcecode.swift; path = EditableText.swift; sourceTree = "<group>"; };
		F2F357E4259584870040C1D3 /* EmojiArt.app */ = {isa = PBXFileReference; explicitFileType = wrapper.application; includeInIndex = 0; path = EmojiArt.app; sourceTree = BUILT_PRODUCTS_DIR; };
		F2F357E7259584870040C1D3 /* AppDelegate.swift */ = {isa = PBXFileReference; lastKnownFileType = sourcecode.swift; path = AppDelegate.swift; sourceTree = "<group>"; };
		F2F357E9259584870040C1D3 /* SceneDelegate.swift */ = {isa = PBXFileReference; lastKnownFileType = sourcecode.swift; path = SceneDelegate.swift; sourceTree = "<group>"; };
		F2F357EB259584870040C1D3 /* EmojiArtDocumentView.swift */ = {isa = PBXFileReference; lastKnownFileType = sourcecode.swift; path = EmojiArtDocumentView.swift; sourceTree = "<group>"; };
		F2F357ED2595848B0040C1D3 /* Assets.xcassets */ = {isa = PBXFileReference; lastKnownFileType = folder.assetcatalog; path = Assets.xcassets; sourceTree = "<group>"; };
		F2F357F02595848B0040C1D3 /* Preview Assets.xcassets */ = {isa = PBXFileReference; lastKnownFileType = folder.assetcatalog; path = "Preview Assets.xcassets"; sourceTree = "<group>"; };
		F2F357F32595848C0040C1D3 /* Base */ = {isa = PBXFileReference; lastKnownFileType = file.storyboard; name = Base; path = Base.lproj/LaunchScreen.storyboard; sourceTree = "<group>"; };
		F2F357F52595848C0040C1D3 /* Info.plist */ = {isa = PBXFileReference; lastKnownFileType = text.plist.xml; path = Info.plist; sourceTree = "<group>"; };
		F2F357FC259585310040C1D3 /* EmojiArtDocument.swift */ = {isa = PBXFileReference; lastKnownFileType = sourcecode.swift; path = EmojiArtDocument.swift; sourceTree = "<group>"; };
		F2F3580025958F5D0040C1D3 /* EmojiArt.swift */ = {isa = PBXFileReference; lastKnownFileType = sourcecode.swift; path = EmojiArt.swift; sourceTree = "<group>"; };
		F2F358032595D55A0040C1D3 /* EmojiArtExtensions.swift */ = {isa = PBXFileReference; fileEncoding = 4; lastKnownFileType = sourcecode.swift; path = EmojiArtExtensions.swift; sourceTree = "<group>"; };
		F2F358082596D3930040C1D3 /* OptionalImage.swift */ = {isa = PBXFileReference; lastKnownFileType = sourcecode.swift; path = OptionalImage.swift; sourceTree = "<group>"; };
		F2F3580B2596D9270040C1D3 /* AnimatableSystemFontModifier.swift */ = {isa = PBXFileReference; fileEncoding = 4; lastKnownFileType = sourcecode.swift; path = AnimatableSystemFontModifier.swift; sourceTree = "<group>"; };
		F2F3580E25982B400040C1D3 /* Spinning.swift */ = {isa = PBXFileReference; lastKnownFileType = sourcecode.swift; path = Spinning.swift; sourceTree = "<group>"; };
		F2F35811259834280040C1D3 /* PaletteChooser.swift */ = {isa = PBXFileReference; lastKnownFileType = sourcecode.swift; path = PaletteChooser.swift; sourceTree = "<group>"; };
/* End PBXFileReference section */

/* Begin PBXFrameworksBuildPhase section */
		F2F357E1259584860040C1D3 /* Frameworks */ = {
			isa = PBXFrameworksBuildPhase;
			buildActionMask = 2147483647;
			files = (
			);
			runOnlyForDeploymentPostprocessing = 0;
		};
/* End PBXFrameworksBuildPhase section */

/* Begin PBXGroup section */
		F2F357DB259584860040C1D3 = {
			isa = PBXGroup;
			children = (
				F2F357E6259584870040C1D3 /* EmojiArt */,
				F2F357E5259584870040C1D3 /* Products */,
			);
			sourceTree = "<group>";
		};
		F2F357E5259584870040C1D3 /* Products */ = {
			isa = PBXGroup;
			children = (
				F2F357E4259584870040C1D3 /* EmojiArt.app */,
			);
			name = Products;
			sourceTree = "<group>";
		};
		F2F357E6259584870040C1D3 /* EmojiArt */ = {
			isa = PBXGroup;
			children = (
				F2F3580025958F5D0040C1D3 /* EmojiArt.swift */,
				F2F357FC259585310040C1D3 /* EmojiArtDocument.swift */,
				F2E2C6FF25994CC2002F9A5F /* EmojiArtDocumentStore.swift */,
				F2E2C70325995263002F9A5F /* EmojiArtDocumentChooser.swift */,
				F2F35811259834280040C1D3 /* PaletteChooser.swift */,
				F2F357EB259584870040C1D3 /* EmojiArtDocumentView.swift */,
				F2E2C6F7259837B2002F9A5F /* EmojiArtDocumentPalette.swift */,
				F2F3580E25982B400040C1D3 /* Spinning.swift */,
				F2E2C70725996333002F9A5F /* EditableText.swift */,
				F2F3580B2596D9270040C1D3 /* AnimatableSystemFontModifier.swift */,
				F2F358082596D3930040C1D3 /* OptionalImage.swift */,
				F2F358032595D55A0040C1D3 /* EmojiArtExtensions.swift */,
				F2E2C6FB25993644002F9A5F /* Grid.swift */,
				F2E2C6FA25993644002F9A5F /* GridLayout.swift */,
				F2F357E7259584870040C1D3 /* AppDelegate.swift */,
				F2F357E9259584870040C1D3 /* SceneDelegate.swift */,
				F2F357ED2595848B0040C1D3 /* Assets.xcassets */,
				F2F357F22595848C0040C1D3 /* LaunchScreen.storyboard */,
				F2F357F52595848C0040C1D3 /* Info.plist */,
				F2F357EF2595848B0040C1D3 /* Preview Content */,
			);
			path = EmojiArt;
			sourceTree = "<group>";
		};
		F2F357EF2595848B0040C1D3 /* Preview Content */ = {
			isa = PBXGroup;
			children = (
				F2F357F02595848B0040C1D3 /* Preview Assets.xcassets */,
			);
			path = "Preview Content";
			sourceTree = "<group>";
		};
/* End PBXGroup section */

/* Begin PBXNativeTarget section */
		F2F357E3259584860040C1D3 /* EmojiArt */ = {
			isa = PBXNativeTarget;
			buildConfigurationList = F2F357F82595848C0040C1D3 /* Build configuration list for PBXNativeTarget "EmojiArt" */;
			buildPhases = (
				F2F357E0259584860040C1D3 /* Sources */,
				F2F357E1259584860040C1D3 /* Frameworks */,
				F2F357E2259584860040C1D3 /* Resources */,
			);
			buildRules = (
			);
			dependencies = (
			);
			name = EmojiArt;
			productName = EmojiArt;
			productReference = F2F357E4259584870040C1D3 /* EmojiArt.app */;
			productType = "com.apple.product-type.application";
		};
/* End PBXNativeTarget section */

/* Begin PBXProject section */
		F2F357DC259584860040C1D3 /* Project object */ = {
			isa = PBXProject;
			attributes = {
				LastSwiftUpdateCheck = 1220;
				LastUpgradeCheck = 1220;
				TargetAttributes = {
					F2F357E3259584860040C1D3 = {
						CreatedOnToolsVersion = 12.2;
					};
				};
			};
			buildConfigurationList = F2F357DF259584860040C1D3 /* Build configuration list for PBXProject "EmojiArt" */;
			compatibilityVersion = "Xcode 9.3";
			developmentRegion = en;
			hasScannedForEncodings = 0;
			knownRegions = (
				en,
				Base,
			);
			mainGroup = F2F357DB259584860040C1D3;
			productRefGroup = F2F357E5259584870040C1D3 /* Products */;
			projectDirPath = "";
			projectRoot = "";
			targets = (
				F2F357E3259584860040C1D3 /* EmojiArt */,
			);
		};
/* End PBXProject section */

/* Begin PBXResourcesBuildPhase section */
		F2F357E2259584860040C1D3 /* Resources */ = {
			isa = PBXResourcesBuildPhase;
			buildActionMask = 2147483647;
			files = (
				F2F357F42595848C0040C1D3 /* LaunchScreen.storyboard in Resources */,
				F2F357F12595848B0040C1D3 /* Preview Assets.xcassets in Resources */,
				F2F357EE2595848B0040C1D3 /* Assets.xcassets in Resources */,
			);
			runOnlyForDeploymentPostprocessing = 0;
		};
/* End PBXResourcesBuildPhase section */

/* Begin PBXSourcesBuildPhase section */
		F2F357E0259584860040C1D3 /* Sources */ = {
			isa = PBXSourcesBuildPhase;
			buildActionMask = 2147483647;
			files = (
				F2E2C6F8259837B2002F9A5F /* EmojiArtDocumentPalette.swift in Sources */,
				F2F357E8259584870040C1D3 /* AppDelegate.swift in Sources */,
				F2F357EA259584870040C1D3 /* SceneDelegate.swift in Sources */,
				F2E2C6FC25993644002F9A5F /* GridLayout.swift in Sources */,
				F2F358042595D55A0040C1D3 /* EmojiArtExtensions.swift in Sources */,
				F2F3580125958F5D0040C1D3 /* EmojiArt.swift in Sources */,
				F2F35812259834280040C1D3 /* PaletteChooser.swift in Sources */,
				F2E2C6FD25993644002F9A5F /* Grid.swift in Sources */,
				F2F357EC259584870040C1D3 /* EmojiArtDocumentView.swift in Sources */,
				F2E2C70025994CC2002F9A5F /* EmojiArtDocumentStore.swift in Sources */,
				F2F358092596D3930040C1D3 /* OptionalImage.swift in Sources */,
				F2E2C70425995263002F9A5F /* EmojiArtDocumentChooser.swift in Sources */,
				F2E2C70825996333002F9A5F /* EditableText.swift in Sources */,
				F2F3580F25982B400040C1D3 /* Spinning.swift in Sources */,
				F2F3580C2596D9270040C1D3 /* AnimatableSystemFontModifier.swift in Sources */,
				F2F357FD259585310040C1D3 /* EmojiArtDocument.swift in Sources */,
			);
			runOnlyForDeploymentPostprocessing = 0;
		};
/* End PBXSourcesBuildPhase section */

/* Begin PBXVariantGroup section */
		F2F357F22595848C0040C1D3 /* LaunchScreen.storyboard */ = {
			isa = PBXVariantGroup;
			children = (
				F2F357F32595848C0040C1D3 /* Base */,
			);
			name = LaunchScreen.storyboard;
			sourceTree = "<group>";
		};
/* End PBXVariantGroup section */

/* Begin XCBuildConfiguration section */
		F2F357F62595848C0040C1D3 /* Debug */ = {
			isa = XCBuildConfiguration;
			buildSettings = {
				ALWAYS_SEARCH_USER_PATHS = NO;
				CLANG_ANALYZER_NONNULL = YES;
				CLANG_ANALYZER_NUMBER_OBJECT_CONVERSION = YES_AGGRESSIVE;
				CLANG_CXX_LANGUAGE_STANDARD = "gnu++14";
				CLANG_CXX_LIBRARY = "libc++";
				CLANG_ENABLE_MODULES = YES;
				CLANG_ENABLE_OBJC_ARC = YES;
				CLANG_ENABLE_OBJC_WEAK = YES;
				CLANG_WARN_BLOCK_CAPTURE_AUTORELEASING = YES;
				CLANG_WARN_BOOL_CONVERSION = YES;
				CLANG_WARN_COMMA = YES;
				CLANG_WARN_CONSTANT_CONVERSION = YES;
				CLANG_WARN_DEPRECATED_OBJC_IMPLEMENTATIONS = YES;
				CLANG_WARN_DIRECT_OBJC_ISA_USAGE = YES_ERROR;
				CLANG_WARN_DOCUMENTATION_COMMENTS = YES;
				CLANG_WARN_EMPTY_BODY = YES;
				CLANG_WARN_ENUM_CONVERSION = YES;
				CLANG_WARN_INFINITE_RECURSION = YES;
				CLANG_WARN_INT_CONVERSION = YES;
				CLANG_WARN_NON_LITERAL_NULL_CONVERSION = YES;
				CLANG_WARN_OBJC_IMPLICIT_RETAIN_SELF = YES;
				CLANG_WARN_OBJC_LITERAL_CONVERSION = YES;
				CLANG_WARN_OBJC_ROOT_CLASS = YES_ERROR;
				CLANG_WARN_QUOTED_INCLUDE_IN_FRAMEWORK_HEADER = YES;
				CLANG_WARN_RANGE_LOOP_ANALYSIS = YES;
				CLANG_WARN_STRICT_PROTOTYPES = YES;
				CLANG_WARN_SUSPICIOUS_MOVE = YES;
				CLANG_WARN_UNGUARDED_AVAILABILITY = YES_AGGRESSIVE;
				CLANG_WARN_UNREACHABLE_CODE = YES;
				CLANG_WARN__DUPLICATE_METHOD_MATCH = YES;
				COPY_PHASE_STRIP = NO;
				DEBUG_INFORMATION_FORMAT = dwarf;
				ENABLE_STRICT_OBJC_MSGSEND = YES;
				ENABLE_TESTABILITY = YES;
				GCC_C_LANGUAGE_STANDARD = gnu11;
				GCC_DYNAMIC_NO_PIC = NO;
				GCC_NO_COMMON_BLOCKS = YES;
				GCC_OPTIMIZATION_LEVEL = 0;
				GCC_PREPROCESSOR_DEFINITIONS = (
					"DEBUG=1",
					"$(inherited)",
				);
				GCC_WARN_64_TO_32_BIT_CONVERSION = YES;
				GCC_WARN_ABOUT_RETURN_TYPE = YES_ERROR;
				GCC_WARN_UNDECLARED_SELECTOR = YES;
				GCC_WARN_UNINITIALIZED_AUTOS = YES_AGGRESSIVE;
				GCC_WARN_UNUSED_FUNCTION = YES;
				GCC_WARN_UNUSED_VARIABLE = YES;
				IPHONEOS_DEPLOYMENT_TARGET = 14.2;
				MTL_ENABLE_DEBUG_INFO = INCLUDE_SOURCE;
				MTL_FAST_MATH = YES;
				ONLY_ACTIVE_ARCH = YES;
				SDKROOT = iphoneos;
				SWIFT_ACTIVE_COMPILATION_CONDITIONS = DEBUG;
				SWIFT_OPTIMIZATION_LEVEL = "-Onone";
			};
			name = Debug;
		};
		F2F357F72595848C0040C1D3 /* Release */ = {
			isa = XCBuildConfiguration;
			buildSettings = {
				ALWAYS_SEARCH_USER_PATHS = NO;
				CLANG_ANALYZER_NONNULL = YES;
				CLANG_ANALYZER_NUMBER_OBJECT_CONVERSION = YES_AGGRESSIVE;
				CLANG_CXX_LANGUAGE_STANDARD = "gnu++14";
				CLANG_CXX_LIBRARY = "libc++";
				CLANG_ENABLE_MODULES = YES;
				CLANG_ENABLE_OBJC_ARC = YES;
				CLANG_ENABLE_OBJC_WEAK = YES;
				CLANG_WARN_BLOCK_CAPTURE_AUTORELEASING = YES;
				CLANG_WARN_BOOL_CONVERSION = YES;
				CLANG_WARN_COMMA = YES;
				CLANG_WARN_CONSTANT_CONVERSION = YES;
				CLANG_WARN_DEPRECATED_OBJC_IMPLEMENTATIONS = YES;
				CLANG_WARN_DIRECT_OBJC_ISA_USAGE = YES_ERROR;
				CLANG_WARN_DOCUMENTATION_COMMENTS = YES;
				CLANG_WARN_EMPTY_BODY = YES;
				CLANG_WARN_ENUM_CONVERSION = YES;
				CLANG_WARN_INFINITE_RECURSION = YES;
				CLANG_WARN_INT_CONVERSION = YES;
				CLANG_WARN_NON_LITERAL_NULL_CONVERSION = YES;
				CLANG_WARN_OBJC_IMPLICIT_RETAIN_SELF = YES;
				CLANG_WARN_OBJC_LITERAL_CONVERSION = YES;
				CLANG_WARN_OBJC_ROOT_CLASS = YES_ERROR;
				CLANG_WARN_QUOTED_INCLUDE_IN_FRAMEWORK_HEADER = YES;
				CLANG_WARN_RANGE_LOOP_ANALYSIS = YES;
				CLANG_WARN_STRICT_PROTOTYPES = YES;
				CLANG_WARN_SUSPICIOUS_MOVE = YES;
				CLANG_WARN_UNGUARDED_AVAILABILITY = YES_AGGRESSIVE;
				CLANG_WARN_UNREACHABLE_CODE = YES;
				CLANG_WARN__DUPLICATE_METHOD_MATCH = YES;
				COPY_PHASE_STRIP = NO;
				DEBUG_INFORMATION_FORMAT = "dwarf-with-dsym";
				ENABLE_NS_ASSERTIONS = NO;
				ENABLE_STRICT_OBJC_MSGSEND = YES;
				GCC_C_LANGUAGE_STANDARD = gnu11;
				GCC_NO_COMMON_BLOCKS = YES;
				GCC_WARN_64_TO_32_BIT_CONVERSION = YES;
				GCC_WARN_ABOUT_RETURN_TYPE = YES_ERROR;
				GCC_WARN_UNDECLARED_SELECTOR = YES;
				GCC_WARN_UNINITIALIZED_AUTOS = YES_AGGRESSIVE;
				GCC_WARN_UNUSED_FUNCTION = YES;
				GCC_WARN_UNUSED_VARIABLE = YES;
				IPHONEOS_DEPLOYMENT_TARGET = 14.2;
				MTL_ENABLE_DEBUG_INFO = NO;
				MTL_FAST_MATH = YES;
				SDKROOT = iphoneos;
				SWIFT_COMPILATION_MODE = wholemodule;
				SWIFT_OPTIMIZATION_LEVEL = "-O";
				VALIDATE_PRODUCT = YES;
			};
			name = Release;
		};
		F2F357F92595848C0040C1D3 /* Debug */ = {
			isa = XCBuildConfiguration;
			buildSettings = {
				ASSETCATALOG_COMPILER_APPICON_NAME = AppIcon;
				ASSETCATALOG_COMPILER_GLOBAL_ACCENT_COLOR_NAME = AccentColor;
				CODE_SIGN_STYLE = Automatic;
				DEVELOPMENT_ASSET_PATHS = "\"EmojiArt/Preview Content\"";
				DEVELOPMENT_TEAM = 2T96KY9TP9;
				ENABLE_PREVIEWS = YES;
				INFOPLIST_FILE = EmojiArt/Info.plist;
				LD_RUNPATH_SEARCH_PATHS = (
					"$(inherited)",
					"@executable_path/Frameworks",
				);
				PRODUCT_BUNDLE_IDENTIFIER = com.cicada.EmojiArt;
				PRODUCT_NAME = "$(TARGET_NAME)";
				SWIFT_VERSION = 5.0;
				TARGETED_DEVICE_FAMILY = "1,2";
			};
			name = Debug;
		};
		F2F357FA2595848C0040C1D3 /* Release */ = {
			isa = XCBuildConfiguration;
			buildSettings = {
				ASSETCATALOG_COMPILER_APPICON_NAME = AppIcon;
				ASSETCATALOG_COMPILER_GLOBAL_ACCENT_COLOR_NAME = AccentColor;
				CODE_SIGN_STYLE = Automatic;
				DEVELOPMENT_ASSET_PATHS = "\"EmojiArt/Preview Content\"";
				DEVELOPMENT_TEAM = 2T96KY9TP9;
				ENABLE_PREVIEWS = YES;
				INFOPLIST_FILE = EmojiArt/Info.plist;
				LD_RUNPATH_SEARCH_PATHS = (
					"$(inherited)",
					"@executable_path/Frameworks",
				);
				PRODUCT_BUNDLE_IDENTIFIER = com.cicada.EmojiArt;
				PRODUCT_NAME = "$(TARGET_NAME)";
				SWIFT_VERSION = 5.0;
				TARGETED_DEVICE_FAMILY = "1,2";
			};
			name = Release;
		};
/* End XCBuildConfiguration section */

/* Begin XCConfigurationList section */
		F2F357DF259584860040C1D3 /* Build configuration list for PBXProject "EmojiArt" */ = {
			isa = XCConfigurationList;
			buildConfigurations = (
				F2F357F62595848C0040C1D3 /* Debug */,
				F2F357F72595848C0040C1D3 /* Release */,
			);
			defaultConfigurationIsVisible = 0;
			defaultConfigurationName = Release;
		};
		F2F357F82595848C0040C1D3 /* Build configuration list for PBXNativeTarget "EmojiArt" */ = {
			isa = XCConfigurationList;
			buildConfigurations = (
				F2F357F92595848C0040C1D3 /* Debug */,
				F2F357FA2595848C0040C1D3 /* Release */,
			);
			defaultConfigurationIsVisible = 0;
			defaultConfigurationName = Release;
		};
/* End XCConfigurationList section */
	};
	rootObject = F2F357DC259584860040C1D3 /* Project object */;
}
